
Microsoft Visual Studio Solution File, Format Version 11.00
# Visual Studio 2010
Project("{FAE04EC0-301F-11D3-BF4B-00C04F79EFBC}") = "CodeGenTools", "CodeGenTools\CodeGenTools.csproj", "{9D37C103-D2CF-47D7-82A1-776569E47785}"
EndProject
Project("{FAE04EC0-301F-11D3-BF4B-00C04F79EFBC}") = "CodeGenTools.Tests", "CodeGenTools.Tests\CodeGenTools.Tests.csproj", "{8CCC6311-383C-47F8-9072-72E0F2A32EB1}"
EndProject
Global
	GlobalSection(SolutionConfigurationPlatforms) = preSolution
		Debug|Any CPU = Debug|Any CPU
		Release|Any CPU = Release|Any CPU
	EndGlobalSection
	GlobalSection(ProjectConfigurationPlatforms) = postSolution
		{9D37C103-D2CF-47D7-82A1-776569E47785}.Debug|Any CPU.ActiveCfg = Debug|Any CPU
		{9D37C103-D2CF-47D7-82A1-776569E47785}.Debug|Any CPU.Build.0 = Debug|Any CPU
		{9D37C103-D2CF-47D7-82A1-776569E47785}.Release|Any CPU.ActiveCfg = Release|Any CPU
		{9D37C103-D2CF-47D7-82A1-776569E47785}.Release|Any CPU.Build.0 = Release|Any CPU
		{8CCC6311-383C-47F8-9072-72E0F2A32EB1}.Debug|Any CPU.ActiveCfg = Debug|Any CPU
		{8CCC6311-383C-47F8-9072-72E0F2A32EB1}.Debug|Any CPU.Build.0 = Debug|Any CPU
		{8CCC6311-383C-47F8-9072-72E0F2A32EB1}.Release|Any CPU.ActiveCfg = Release|Any CPU
		{8CCC6311-383C-47F8-9072-72E0F2A32EB1}.Release|Any CPU.Build.0 = Release|Any CPU
	EndGlobalSection
	GlobalSection(SolutionProperties) = preSolution
		HideSolutionNode = FALSE
	EndGlobalSection
EndGlobal
